
Microsoft Visual Studio Solution File, Format Version 11.00
# Visual Studio 2010
Project("{FAE04EC0-301F-11D3-BF4B-00C04F79EFBC}") = "Unity.Timeline", "Unity.Timeline.csproj", "{1f3626e0-43fc-65e2-1c6d-b072fee04615}"
EndProject
Project("{FAE04EC0-301F-11D3-BF4B-00C04F79EFBC}") = "Unity.Timeline.Editor", "Unity.Timeline.Editor.csproj", "{8d2bcb68-b546-8773-996e-673a2555d451}"
EndProject
Project("{FAE04EC0-301F-11D3-BF4B-00C04F79EFBC}") = "Unity.TextMeshPro.Editor", "Unity.TextMeshPro.Editor.csproj", "{ebfdefab-ab81-4f7e-0df0-9b29bd42107e}"
EndProject
Project("{FAE04EC0-301F-11D3-BF4B-00C04F79EFBC}") = "Unity.Entities", "Unity.Entities.csproj", "{b7207e27-1ac5-1f9c-909d-d620ebabede7}"
EndProject
Project("{FAE04EC0-301F-11D3-BF4B-00C04F79EFBC}") = "Unity.Entities.Hybrid", "Unity.Entities.Hybrid.csproj", "{576b2fe4-6c5b-7e3a-7938-60f6b7fa38c3}"
EndProject
Project("{FAE04EC0-301F-11D3-BF4B-00C04F79EFBC}") = "Unity.VisualScripting.Flow", "Unity.VisualScripting.Flow.csproj", "{fcadb963-a7bb-b308-0c15-b535b6e7be45}"
EndProject
Project("{FAE04EC0-301F-11D3-BF4B-00C04F79EFBC}") = "Unity.Serialization", "Unity.Serialization.csproj", "{a63cba72-a0f5-58c0-9601-bb895888fb6a}"
EndProject
Project("{FAE04EC0-301F-11D3-BF4B-00C04F79EFBC}") = "UnityEditor.UI", "UnityEditor.UI.csproj", "{db72b368-947b-40c8-caea-a02064f392dc}"
EndProject
Project("{FAE04EC0-301F-11D3-BF4B-00C04F79EFBC}") = "UnityEngine.TestRunner", "UnityEngine.TestRunner.csproj", "{f7583831-7624-da32-fc0a-e0ddf80c5781}"
EndProject
Project("{FAE04EC0-301F-11D3-BF4B-00C04F79EFBC}") = "Unity.ScriptableBuildPipeline.Editor", "Unity.ScriptableBuildPipeline.Editor.csproj", "{10d30a31-68fb-8286-517a-f0c7c22987dd}"
EndProject
Project("{FAE04EC0-301F-11D3-BF4B-00C04F79EFBC}") = "Unity.VisualScripting.Core", "Unity.VisualScripting.Core.csproj", "{b3c0e97a-8211-b7cb-7c6f-df697b4c0a09}"
EndProject
Project("{FAE04EC0-301F-11D3-BF4B-00C04F79EFBC}") = "Unity.Entities.Editor", "Unity.Entities.Editor.csproj", "{3a6d35bb-e422-5680-b3ca-549c9f7e3a3c}"
EndProject
Project("{FAE04EC0-301F-11D3-BF4B-00C04F79EFBC}") = "Unity.Mathematics", "Unity.Mathematics.csproj", "{eadf5212-ee3c-2794-c8f1-6c3681334a0a}"
EndProject
Project("{FAE04EC0-301F-11D3-BF4B-00C04F79EFBC}") = "Cinemachine", "Cinemachine.csproj", "{148945e3-f370-c267-05da-b12ad03b087d}"
EndProject
Project("{FAE04EC0-301F-11D3-BF4B-00C04F79EFBC}") = "Unity.VisualScripting.Core.Editor", "Unity.VisualScripting.Core.Editor.csproj", "{892bde0b-fd69-58eb-f14c-48407a56e777}"
EndProject
Project("{FAE04EC0-301F-11D3-BF4B-00C04F79EFBC}") = "Unity.Collections", "Unity.Collections.csproj", "{a6e4d68d-8713-ae83-6167-09021ce2a3fa}"
EndProject
Project("{FAE04EC0-301F-11D3-BF4B-00C04F79EFBC}") = "Unity.VisualScripting.Flow.Editor", "Unity.VisualScripting.Flow.Editor.csproj", "{a3f524b2-db8c-cc39-d709-d22a2f734b40}"
EndProject
Project("{FAE04EC0-301F-11D3-BF4B-00C04F79EFBC}") = "UnityEditor.TestRunner", "UnityEditor.TestRunner.csproj", "{a95e3a6f-56de-e7c2-d1b2-a5b9491659c3}"
EndProject
Project("{FAE04EC0-301F-11D3-BF4B-00C04F79EFBC}") = "Unity.Entities.UI.Editor", "Unity.Entities.UI.Editor.csproj", "{61f5edcb-78ff-07ad-ddab-033f62af8765}"
EndProject
Project("{FAE04EC0-301F-11D3-BF4B-00C04F79EFBC}") = "Unity.VisualScripting.SettingsProvider.Editor", "Unity.VisualScripting.SettingsProvider.Editor.csproj", "{df7ba770-3157-a67b-f7ed-807ae0623cde}"
EndProject
Project("{FAE04EC0-301F-11D3-BF4B-00C04F79EFBC}") = "Unity.PerformanceTesting.Editor", "Unity.PerformanceTesting.Editor.csproj", "{5c05ae9b-5935-580c-9c9b-82980f5fb53b}"
EndProject
Project("{FAE04EC0-301F-11D3-BF4B-00C04F79EFBC}") = "Opsive.BehaviorDesigner.Runtime", "Opsive.BehaviorDesigner.Runtime.csproj", "{3ee6a6b0-e9b6-4349-a5cb-2515a2edd4f3}"
EndProject
Project("{FAE04EC0-301F-11D3-BF4B-00C04F79EFBC}") = "Unity.Burst", "Unity.Burst.csproj", "{b26cfd7c-ee1e-5c2f-72a0-5fa3eb53c8cf}"
EndProject
Project("{FAE04EC0-301F-11D3-BF4B-00C04F79EFBC}") = "UnityEngine.UI", "UnityEngine.UI.csproj", "{7e0e288a-91ed-72cd-161a-11f6392c9423}"
EndProject
Project("{FAE04EC0-301F-11D3-BF4B-00C04F79EFBC}") = "Unity.AI.Navigation.Editor", "Unity.AI.Navigation.Editor.csproj", "{2e0fa38c-6e75-dde7-d0a2-75420ef0c52a}"
EndProject
Project("{FAE04EC0-301F-11D3-BF4B-00C04F79EFBC}") = "Unity.Transforms", "Unity.Transforms.csproj", "{4eb4069f-74ff-9ab6-10f9-1ef68bd76e2c}"
EndProject
Project("{FAE04EC0-301F-11D3-BF4B-00C04F79EFBC}") = "Unity.VisualStudio.Editor", "Unity.VisualStudio.Editor.csproj", "{32de2c94-1f14-c5be-09be-3126e36af783}"
EndProject
Project("{FAE04EC0-301F-11D3-BF4B-00C04F79EFBC}") = "Assembly-CSharp", "Assembly-CSharp.csproj", "{e038c1dd-4861-7a14-9d05-6f5f2c686ec0}"
EndProject
Project("{FAE04EC0-301F-11D3-BF4B-00C04F79EFBC}") = "com.unity.cinemachine.editor", "com.unity.cinemachine.editor.csproj", "{2d140132-b4d7-e774-08b1-d9ff2c794811}"
EndProject
Project("{FAE04EC0-301F-11D3-BF4B-00C04F79EFBC}") = "Unity.PerformanceTesting", "Unity.PerformanceTesting.csproj", "{89914cd3-222e-92f1-6a92-37171f89b8de}"
EndProject
Project("{FAE04EC0-301F-11D3-BF4B-00C04F79EFBC}") = "Unity.Scenes", "Unity.Scenes.csproj", "{b1ad4fdb-10c5-1b7b-88f8-2e995945d208}"
EndProject
Project("{FAE04EC0-301F-11D3-BF4B-00C04F79EFBC}") = "Unity.Entities.CodeGen", "Unity.Entities.CodeGen.csproj", "{87b464e3-6137-dc89-a06a-4cca4de1f8b4}"
EndProject
Project("{FAE04EC0-301F-11D3-BF4B-00C04F79EFBC}") = "Unity.Scenes.Editor", "Unity.Scenes.Editor.csproj", "{95377616-74ef-8973-da96-60f74c408b71}"
EndProject
Project("{FAE04EC0-301F-11D3-BF4B-00C04F79EFBC}") = "Unity.TestTools.CodeCoverage.Editor.OpenCover.Model", "Unity.TestTools.CodeCoverage.Editor.OpenCover.Model.csproj", "{b9af2595-9b4b-e87c-4d37-39826074065d}"
EndProject
Project("{FAE04EC0-301F-11D3-BF4B-00C04F79EFBC}") = "Unity.Rider.Editor", "Unity.Rider.Editor.csproj", "{9621d571-a8a3-95d3-a668-e4b2e22e7074}"
EndProject
Project("{FAE04EC0-301F-11D3-BF4B-00C04F79EFBC}") = "Unity.InternalAPIEngineBridge.002", "Unity.InternalAPIEngineBridge.002.csproj", "{968b7863-5a83-2871-745f-0af2967f1727}"
EndProject
Project("{FAE04EC0-301F-11D3-BF4B-00C04F79EFBC}") = "Unity.AI.Navigation", "Unity.AI.Navigation.csproj", "{4c4cefbd-1fc7-f6ac-a916-de5459587ab3}"
EndProject
Project("{FAE04EC0-301F-11D3-BF4B-00C04F79EFBC}") = "Unity.AI.Navigation.Editor.ConversionSystem", "Unity.AI.Navigation.Editor.ConversionSystem.csproj", "{c1accded-5525-84c6-31cb-63e71562a667}"
EndProject
Project("{FAE04EC0-301F-11D3-BF4B-00C04F79EFBC}") = "Unity.VisualScripting.State.Editor", "Unity.VisualScripting.State.Editor.csproj", "{52ef35a4-04f0-1177-4e4f-9f5d7688298e}"
EndProject
Project("{FAE04EC0-301F-11D3-BF4B-00C04F79EFBC}") = "Unity.TestTools.CodeCoverage.Editor", "Unity.TestTools.CodeCoverage.Editor.csproj", "{6b21d4d0-08f4-2348-d7d9-3636856b7e98}"
EndProject
Project("{FAE04EC0-301F-11D3-BF4B-00C04F79EFBC}") = "Unity.InternalAPIEditorBridge.002", "Unity.InternalAPIEditorBridge.002.csproj", "{453ff81b-a4ec-e477-5378-f923498bfa13}"
EndProject
Project("{FAE04EC0-301F-11D3-BF4B-00C04F79EFBC}") = "Unity.Burst.CodeGen", "Unity.Burst.CodeGen.csproj", "{f8790c69-85c4-d0bd-f1b8-00f4b3e4efbf}"
EndProject
Project("{FAE04EC0-301F-11D3-BF4B-00C04F79EFBC}") = "Opsive.BehaviorDesigner.Editor.Controls.NodeViews", "Opsive.BehaviorDesigner.Editor.Controls.NodeViews.csproj", "{4ca62465-b0ce-657a-2e15-e260f3ed42bb}"
EndProject
Project("{FAE04EC0-301F-11D3-BF4B-00C04F79EFBC}") = "Unity.VisualScripting.State", "Unity.VisualScripting.State.csproj", "{c801c0c5-b722-daeb-5041-ccd02a2c961e}"
EndProject
Project("{FAE04EC0-301F-11D3-BF4B-00C04F79EFBC}") = "Unity.TextMeshPro", "Unity.TextMeshPro.csproj", "{5ab179f1-773c-8faf-086c-9f985c848ede}"
EndProject
Project("{FAE04EC0-301F-11D3-BF4B-00C04F79EFBC}") = "Unity.Entities.Build", "Unity.Entities.Build.csproj", "{716dbebe-7778-be1f-b162-081d1c7ceced}"
EndProject
Project("{FAE04EC0-301F-11D3-BF4B-00C04F79EFBC}") = "Unity.Performance.Profile-Analyzer.Editor", "Unity.Performance.Profile-Analyzer.Editor.csproj", "{2a97d252-9531-41ae-775b-ffa0a0e44d8c}"
EndProject
Project("{FAE04EC0-301F-11D3-BF4B-00C04F79EFBC}") = "Unity.VSCode.Editor", "Unity.VSCode.Editor.csproj", "{754afed0-97cb-46b2-7ac3-b2a9ddcc8474}"
EndProject
Project("{FAE04EC0-301F-11D3-BF4B-00C04F79EFBC}") = "Unity.Burst.Editor", "Unity.Burst.Editor.csproj", "{c65e631e-7aa3-bdcd-ed7b-ffa75bf52f0f}"
EndProject
Project("{FAE04EC0-301F-11D3-BF4B-00C04F79EFBC}") = "Unity.TestTools.CodeCoverage.Editor.OpenCover.Mono.Reflection", "Unity.TestTools.CodeCoverage.Editor.OpenCover.Mono.Reflection.csproj", "{8a8e3eb8-2e18-f9ff-6bd2-907369ca38bb}"
EndProject
Project("{FAE04EC0-301F-11D3-BF4B-00C04F79EFBC}") = "Unity.AI.Navigation.Updater", "Unity.AI.Navigation.Updater.csproj", "{cb853eb4-1cd5-fd5b-1dd4-3e8457d7a3ad}"
EndProject
Project("{FAE04EC0-301F-11D3-BF4B-00C04F79EFBC}") = "Unity.Entities.Editor.Properties", "Unity.Entities.Editor.Properties.csproj", "{0b54e403-a597-e091-dfb9-2fbe3ceea2a1}"
EndProject
Project("{FAE04EC0-301F-11D3-BF4B-00C04F79EFBC}") = "Opsive.Shared.Runtime", "Opsive.Shared.Runtime.csproj", "{1ca23099-0818-3bf6-59e6-deff3faf8133}"
EndProject
Project("{FAE04EC0-301F-11D3-BF4B-00C04F79EFBC}") = "Unity.Settings.Editor", "Unity.Settings.Editor.csproj", "{f58946f0-77bf-5acf-159e-5c5eb13ba3d5}"
EndProject
Project("{FAE04EC0-301F-11D3-BF4B-00C04F79EFBC}") = "Opsive.BehaviorDesigner.Editor.Managers", "Opsive.BehaviorDesigner.Editor.Managers.csproj", "{32ec9672-32a8-69aa-34e6-0ea3ce0d1c10}"
EndProject
Project("{FAE04EC0-301F-11D3-BF4B-00C04F79EFBC}") = "Opsive.GraphDesigner.Runtime.Wrappers", "Opsive.GraphDesigner.Runtime.Wrappers.csproj", "{8f013b7e-0a44-5298-362f-ec7123085a75}"
EndProject
Project("{FAE04EC0-301F-11D3-BF4B-00C04F79EFBC}") = "Unity.Entities.UI", "Unity.Entities.UI.csproj", "{6a3854c5-d955-1b5b-93ae-4d374d39ed2d}"
EndProject
Project("{FAE04EC0-301F-11D3-BF4B-00C04F79EFBC}") = "Unity.Profiling.Core", "Unity.Profiling.Core.csproj", "{5e0406d7-f495-f589-fdc4-b0dfa0a42f9e}"
EndProject
Project("{FAE04EC0-301F-11D3-BF4B-00C04F79EFBC}") = "Unity.Core.Editor", "Unity.Core.Editor.csproj", "{5df852f0-c504-be73-abc6-d32c1cf31c28}"
EndProject
Project("{FAE04EC0-301F-11D3-BF4B-00C04F79EFBC}") = "Unity.Serialization.Editor", "Unity.Serialization.Editor.csproj", "{919ee2da-c5d3-d1ad-1b52-757f5b2ee9b3}"
EndProject
Project("{FAE04EC0-301F-11D3-BF4B-00C04F79EFBC}") = "Unity.Mathematics.Extensions", "Unity.Mathematics.Extensions.csproj", "{bed46137-bc40-645e-eb7a-f34ef731392a}"
EndProject
Project("{FAE04EC0-301F-11D3-BF4B-00C04F79EFBC}") = "Unity.EditorCoroutines.Editor", "Unity.EditorCoroutines.Editor.csproj", "{ab29b21f-4d16-22a5-bb8b-9c949a1ef782}"
EndProject
Project("{FAE04EC0-301F-11D3-BF4B-00C04F79EFBC}") = "Unity.Collections.CodeGen", "Unity.Collections.CodeGen.csproj", "{f13e18d2-01d8-9aea-2541-2d86dd6282c2}"
EndProject
Project("{FAE04EC0-301F-11D3-BF4B-00C04F79EFBC}") = "Unity.Mathematics.Editor", "Unity.Mathematics.Editor.csproj", "{309b7d1d-7000-a6c6-d49a-26a01d52adc6}"
EndProject
Project("{FAE04EC0-301F-11D3-BF4B-00C04F79EFBC}") = "Assembly-CSharp-firstpass", "Assembly-CSharp-firstpass.csproj", "{8cef3775-4674-0987-876b-088bf8de3945}"
EndProject
Project("{FAE04EC0-301F-11D3-BF4B-00C04F79EFBC}") = "Unity.Entities.Hybrid.HybridComponents", "Unity.Entities.Hybrid.HybridComponents.csproj", "{61dbb933-6a74-f253-1fa6-04d521f11537}"
EndProject
Project("{FAE04EC0-301F-11D3-BF4B-00C04F79EFBC}") = "Unity.Deformations", "Unity.Deformations.csproj", "{e5fac7ce-a511-f05a-b2c3-f3557f289e6a}"
EndProject
Project("{FAE04EC0-301F-11D3-BF4B-00C04F79EFBC}") = "Unity.Transforms.Hybrid", "Unity.Transforms.Hybrid.csproj", "{4a7d699c-542c-38b5-c67c-d1abde30b395}"
EndProject
Project("{FAE04EC0-301F-11D3-BF4B-00C04F79EFBC}") = "Unity.Collections.Editor", "Unity.Collections.Editor.csproj", "{11333de1-6278-03f1-4376-8da48334a60d}"
EndProject
Project("{FAE04EC0-301F-11D3-BF4B-00C04F79EFBC}") = "Unity.VisualScripting.Shared.Editor", "Unity.VisualScripting.Shared.Editor.csproj", "{1ca4a6e2-5983-51b3-a84b-60a199aedcd8}"
EndProject
Project("{FAE04EC0-301F-11D3-BF4B-00C04F79EFBC}") = "Unity.Mathematics.Extensions.Hybrid", "Unity.Mathematics.Extensions.Hybrid.csproj", "{23c3ac99-ae9d-f422-ff1b-e74ab78a0787}"
EndProject
Project("{FAE04EC0-301F-11D3-BF4B-00C04F79EFBC}") = "Opsive.Shared.Editor.Import", "Opsive.Shared.Editor.Import.csproj", "{8a590002-ef90-89ca-89a1-1f6e5148dff6}"
EndProject
Project("{FAE04EC0-301F-11D3-BF4B-00C04F79EFBC}") = "Unity.ScriptableBuildPipeline", "Unity.ScriptableBuildPipeline.csproj", "{3d917dbf-79f8-f672-a1d9-da48e0bad75f}"
EndProject
Project("{FAE04EC0-301F-11D3-BF4B-00C04F79EFBC}") = "Sirenix.OdinInspector.Modules.UnityMathematics", "Sirenix.OdinInspector.Modules.UnityMathematics.csproj", "{a2d653f1-a17b-fd26-f658-2aea3aa0a395}"
EndProject
Project("{FAE04EC0-301F-11D3-BF4B-00C04F79EFBC}") = "Unity.Timeline", "Unity.Timeline.Player.csproj", "{5ed88234-112f-e207-96f7-0b3f57d7b745}"
EndProject
Project("{FAE04EC0-301F-11D3-BF4B-00C04F79EFBC}") = "Unity.Entities", "Unity.Entities.Player.csproj", "{6b12b765-155f-9ad4-92d5-801e03bc4967}"
EndProject
Project("{FAE04EC0-301F-11D3-BF4B-00C04F79EFBC}") = "Unity.Entities.Hybrid", "Unity.Entities.Hybrid.Player.csproj", "{90276c5c-4f8b-bbe6-de8b-baae7a6fbf1a}"
EndProject
Project("{FAE04EC0-301F-11D3-BF4B-00C04F79EFBC}") = "Unity.VisualScripting.Flow", "Unity.VisualScripting.Flow.Player.csproj", "{567408e1-98c7-7dd5-7c7d-e3251b599c31}"
EndProject
Project("{FAE04EC0-301F-11D3-BF4B-00C04F79EFBC}") = "Unity.Serialization", "Unity.Serialization.Player.csproj", "{84d27653-cf40-4a89-8763-b88bb18f6080}"
EndProject
Project("{FAE04EC0-301F-11D3-BF4B-00C04F79EFBC}") = "UnityEngine.TestRunner", "UnityEngine.TestRunner.Player.csproj", "{88d7cfc7-f35b-820f-5488-89f0949e6415}"
EndProject
Project("{FAE04EC0-301F-11D3-BF4B-00C04F79EFBC}") = "Unity.VisualScripting.Core", "Unity.VisualScripting.Core.Player.csproj", "{4a39fec5-ecc0-8f4b-6214-f3160d1a19da}"
EndProject
Project("{FAE04EC0-301F-11D3-BF4B-00C04F79EFBC}") = "Unity.Mathematics", "Unity.Mathematics.Player.csproj", "{0ec65392-0124-49cd-386a-ba806fc75062}"
EndProject
Project("{FAE04EC0-301F-11D3-BF4B-00C04F79EFBC}") = "Cinemachine", "Cinemachine.Player.csproj", "{70efadbe-ce9b-1d7c-140b-0c470382a807}"
EndProject
Project("{FAE04EC0-301F-11D3-BF4B-00C04F79EFBC}") = "Unity.Collections", "Unity.Collections.Player.csproj", "{f4e851c8-29e4-f64a-b7d5-725ad1f72ff1}"
EndProject
Project("{FAE04EC0-301F-11D3-BF4B-00C04F79EFBC}") = "Opsive.BehaviorDesigner.Runtime", "Opsive.BehaviorDesigner.Runtime.Player.csproj", "{e3f4b44d-156c-c83e-33f1-1c456b8dcab6}"
EndProject
Project("{FAE04EC0-301F-11D3-BF4B-00C04F79EFBC}") = "Unity.Burst", "Unity.Burst.Player.csproj", "{88263b72-bc4b-c3da-04a7-a7fa74b9f378}"
EndProject
Project("{FAE04EC0-301F-11D3-BF4B-00C04F79EFBC}") = "UnityEngine.UI", "UnityEngine.UI.Player.csproj", "{41108aa0-99e5-e227-5a20-4defc3a2ad56}"
EndProject
Project("{FAE04EC0-301F-11D3-BF4B-00C04F79EFBC}") = "Unity.Transforms", "Unity.Transforms.Player.csproj", "{bbeed502-60e5-ba31-66bb-6b125ba89994}"
EndProject
Project("{FAE04EC0-301F-11D3-BF4B-00C04F79EFBC}") = "Assembly-CSharp", "Assembly-CSharp.Player.csproj", "{d2835d97-4650-e1b5-e04f-8d7572c41070}"
EndProject
Project("{FAE04EC0-301F-11D3-BF4B-00C04F79EFBC}") = "Unity.PerformanceTesting", "Unity.PerformanceTesting.Player.csproj", "{1ee37998-31d8-74e4-1adc-cccd0246e6c2}"
EndProject
Project("{FAE04EC0-301F-11D3-BF4B-00C04F79EFBC}") = "Unity.Scenes", "Unity.Scenes.Player.csproj", "{160a1adc-c334-800e-5ee2-4cf2e2d8a631}"
EndProject
Project("{FAE04EC0-301F-11D3-BF4B-00C04F79EFBC}") = "Unity.InternalAPIEngineBridge.002", "Unity.InternalAPIEngineBridge.002.Player.csproj", "{0c846a47-da64-2f62-73c2-2228d09c10a2}"
EndProject
Project("{FAE04EC0-301F-11D3-BF4B-00C04F79EFBC}") = "Unity.AI.Navigation", "Unity.AI.Navigation.Player.csproj", "{c3580231-7bb3-b0ad-dc8d-0b6e36643b2f}"
EndProject
Project("{FAE04EC0-301F-11D3-BF4B-00C04F79EFBC}") = "Unity.VisualScripting.State", "Unity.VisualScripting.State.Player.csproj", "{d0cd260f-4db6-8e7c-3861-11f251650f9e}"
EndProject
Project("{FAE04EC0-301F-11D3-BF4B-00C04F79EFBC}") = "Unity.TextMeshPro", "Unity.TextMeshPro.Player.csproj", "{5b0eaf87-6c93-0e1d-2717-d5ed5863712e}"
EndProject
Project("{FAE04EC0-301F-11D3-BF4B-00C04F79EFBC}") = "Opsive.Shared.Runtime", "Opsive.Shared.Runtime.Player.csproj", "{83706e4a-189c-bb89-d9a2-a272858fb0f7}"
EndProject
Project("{FAE04EC0-301F-11D3-BF4B-00C04F79EFBC}") = "Opsive.GraphDesigner.Runtime.Wrappers", "Opsive.GraphDesigner.Runtime.Wrappers.Player.csproj", "{3d15123a-8ca7-5acc-cf8b-f04013533a79}"
EndProject
Project("{FAE04EC0-301F-11D3-BF4B-00C04F79EFBC}") = "Unity.Entities.UI", "Unity.Entities.UI.Player.csproj", "{041ff968-9609-dd53-8404-58af7babff92}"
EndProject
Project("{FAE04EC0-301F-11D3-BF4B-00C04F79EFBC}") = "Unity.Profiling.Core", "Unity.Profiling.Core.Player.csproj", "{12ff9a99-bcec-adee-3d3a-45009212bee5}"
EndProject
Project("{FAE04EC0-301F-11D3-BF4B-00C04F79EFBC}") = "Unity.Mathematics.Extensions", "Unity.Mathematics.Extensions.Player.csproj", "{bc684bdf-ac05-6568-fdf2-7c0ae3902615}"
EndProject
Project("{FAE04EC0-301F-11D3-BF4B-00C04F79EFBC}") = "Assembly-CSharp-firstpass", "Assembly-CSharp-firstpass.Player.csproj", "{3d02cb83-fbc2-9e32-d968-344cc2e94e11}"
EndProject
Project("{FAE04EC0-301F-11D3-BF4B-00C04F79EFBC}") = "Unity.Entities.Hybrid.HybridComponents", "Unity.Entities.Hybrid.HybridComponents.Player.csproj", "{3b887ae3-837c-4211-0020-eb0912ae3027}"
EndProject
Project("{FAE04EC0-301F-11D3-BF4B-00C04F79EFBC}") = "Unity.Deformations", "Unity.Deformations.Player.csproj", "{5d7ef862-80f8-ad5c-2245-609953f02ca0}"
EndProject
Project("{FAE04EC0-301F-11D3-BF4B-00C04F79EFBC}") = "Unity.Transforms.Hybrid", "Unity.Transforms.Hybrid.Player.csproj", "{91db68ad-eafb-5905-1a2e-71b00ebe9d17}"
EndProject
Project("{FAE04EC0-301F-11D3-BF4B-00C04F79EFBC}") = "Unity.Mathematics.Extensions.Hybrid", "Unity.Mathematics.Extensions.Hybrid.Player.csproj", "{0a8f374e-9fc3-1e5e-a2eb-2e2fefc07679}"
EndProject
Project("{FAE04EC0-301F-11D3-BF4B-00C04F79EFBC}") = "Unity.ScriptableBuildPipeline", "Unity.ScriptableBuildPipeline.Player.csproj", "{3fec4a91-c9b6-e505-f5f9-271a38bd03f1}"
EndProject
Project("{FAE04EC0-301F-11D3-BF4B-00C04F79EFBC}") = "Unity.Entities.Hybrid.Tests.ExcludedAssembly", "Unity.Entities.Hybrid.Tests.ExcludedAssembly.csproj", "{c7d2750b-820b-7965-3c6d-8db1abfca4dd}"
EndProject
Project("{FAE04EC0-301F-11D3-BF4B-00C04F79EFBC}") = "Unity.Mathematics.Tests", "Unity.Mathematics.Tests.csproj", "{1b74b534-52e1-9413-f99e-06ec20e65c6c}"
EndProject
Project("{FAE04EC0-301F-11D3-BF4B-00C04F79EFBC}") = "Assembly-CSharp-Editor", "Assembly-CSharp-Editor.csproj", "{d6bf90b8-61b1-0053-8ea1-f800f656211d}"
EndProject
Project("{FAE04EC0-301F-11D3-BF4B-00C04F79EFBC}") = "Unity.Entities.PerformanceTests", "Unity.Entities.PerformanceTests.csproj", "{0190ee4c-0d6b-bde0-ae63-aac94de679f2}"
EndProject
Project("{FAE04EC0-301F-11D3-BF4B-00C04F79EFBC}") = "Unity.Transforms.PerformanceTests", "Unity.Transforms.PerformanceTests.csproj", "{d961a124-35b4-5ed1-f3a2-3f092e46a515}"
EndProject
Project("{FAE04EC0-301F-11D3-BF4B-00C04F79EFBC}") = "Unity.Transforms.Tests", "Unity.Transforms.Tests.csproj", "{eb209b4c-ceeb-da03-162d-dd22d50c0b37}"
EndProject
Project("{FAE04EC0-301F-11D3-BF4B-00C04F79EFBC}") = "Unity.Collections.DocCodeSamples", "Unity.Collections.DocCodeSamples.csproj", "{f3cd94e9-9de5-6e99-8736-c4fc7dd785ef}"
EndProject
Project("{FAE04EC0-301F-11D3-BF4B-00C04F79EFBC}") = "Unity.ScriptableBuildPipeline.Editor.Tests", "Unity.ScriptableBuildPipeline.Editor.Tests.csproj", "{89ba176a-b687-baad-b427-6d93b9dba03d}"
EndProject
Project("{FAE04EC0-301F-11D3-BF4B-00C04F79EFBC}") = "Unity.Entities.Editor.PerformanceTests", "Unity.Entities.Editor.PerformanceTests.csproj", "{f6c97370-6fcb-a7dc-a70d-3119e7eae968}"
EndProject
Project("{FAE04EC0-301F-11D3-BF4B-00C04F79EFBC}") = "Unity.Scenes.Hybrid.Tests.Playmode", "Unity.Scenes.Hybrid.Tests.Playmode.csproj", "{a4afdf67-ab35-6f08-9554-f85f7ac93451}"
EndProject
Project("{FAE04EC0-301F-11D3-BF4B-00C04F79EFBC}") = "Unity.Scenes.Tests", "Unity.Scenes.Tests.csproj", "{537372ca-91f1-54c0-c431-a075350095bf}"
EndProject
Project("{FAE04EC0-301F-11D3-BF4B-00C04F79EFBC}") = "TypeDependencyCacheTestAssembly", "TypeDependencyCacheTestAssembly.csproj", "{fc3bc837-d374-ecdc-cd16-3bc9dd188331}"
EndProject
Project("{FAE04EC0-301F-11D3-BF4B-00C04F79EFBC}") = "Unity.Serialization.Tests", "Unity.Serialization.Tests.csproj", "{673f3916-7aca-0e02-14e1-6077c59da6be}"
EndProject
Project("{FAE04EC0-301F-11D3-BF4B-00C04F79EFBC}") = "ScriptableBuildPipelineTests", "ScriptableBuildPipelineTests.csproj", "{c35e14cd-d728-ef2a-b37a-10770bb39ed9}"
EndProject
Project("{FAE04EC0-301F-11D3-BF4B-00C04F79EFBC}") = "Unity.Collections.PerformanceTests", "Unity.Collections.PerformanceTests.csproj", "{80e7b95d-77b6-65af-dd67-1a515964c664}"
EndProject
Project("{FAE04EC0-301F-11D3-BF4B-00C04F79EFBC}") = "Unity.AI.Navigation.Tests", "Unity.AI.Navigation.Tests.csproj", "{1b301d98-b0ac-5ec9-9562-e38fc2ee57f1}"
EndProject
Project("{FAE04EC0-301F-11D3-BF4B-00C04F79EFBC}") = "Unity.TestTools.CodeCoverage.Editor.Compatibility", "Unity.TestTools.CodeCoverage.Editor.Compatibility.csproj", "{967f22a3-a921-775b-d887-db1d389d471c}"
EndProject
Project("{FAE04EC0-301F-11D3-BF4B-00C04F79EFBC}") = "Unity.TextMeshPro.Editor.Tests", "Unity.TextMeshPro.Editor.Tests.csproj", "{24b9bec3-40d1-262f-f853-fa58439521b2}"
EndProject
Project("{FAE04EC0-301F-11D3-BF4B-00C04F79EFBC}") = "DocCodeExamples", "DocCodeExamples.csproj", "{af14c385-c6a4-75a0-b198-f7734e418ec9}"
EndProject
Project("{FAE04EC0-301F-11D3-BF4B-00C04F79EFBC}") = "Cinemachine.Editor.Tests", "Cinemachine.Editor.Tests.csproj", "{f3ceb422-16e7-1728-7278-9cc8448a34c9}"
EndProject
Project("{FAE04EC0-301F-11D3-BF4B-00C04F79EFBC}") = "Unity.Entities.Hybrid.EndToEnd.Tests", "Unity.Entities.Hybrid.EndToEnd.Tests.csproj", "{66a09632-2fe1-ff0e-a99a-ed2b675a8718}"
EndProject
Project("{FAE04EC0-301F-11D3-BF4B-00C04F79EFBC}") = "Unity.Scenes.Hybrid.Tests.Editmode.Content", "Unity.Scenes.Hybrid.Tests.Editmode.Content.csproj", "{a9256965-eedb-2d5d-1169-89060487d7ae}"
EndProject
Project("{FAE04EC0-301F-11D3-BF4B-00C04F79EFBC}") = "Unity.Collections.Tests", "Unity.Collections.Tests.csproj", "{5faa48cd-7384-6062-52ae-0edaec534e0f}"
EndProject
Project("{FAE04EC0-301F-11D3-BF4B-00C04F79EFBC}") = "Unity.Entities.Hybrid.Tests.SeparateAssembly", "Unity.Entities.Hybrid.Tests.SeparateAssembly.csproj", "{ee54dcfd-70f0-177c-a5e4-e1023d09fae2}"
EndProject
Project("{FAE04EC0-301F-11D3-BF4B-00C04F79EFBC}") = "Unity.Performance.Profile-Analyzer.EditorTests", "Unity.Performance.Profile-Analyzer.EditorTests.csproj", "{3eb16f64-9fad-3a73-afa1-3324f924ff39}"
EndProject
Project("{FAE04EC0-301F-11D3-BF4B-00C04F79EFBC}") = "Unity.Settings.Tests", "Unity.Settings.Tests.csproj", "{083b651e-62d2-353e-0554-d1c8efb4a937}"
EndProject
Project("{FAE04EC0-301F-11D3-BF4B-00C04F79EFBC}") = "DocCodeSamples", "DocCodeSamples.csproj", "{5d362010-1e51-2dfd-6d9c-c42073f1fc5b}"
EndProject
Project("{FAE04EC0-301F-11D3-BF4B-00C04F79EFBC}") = "Unity.AI.Navigation.Editor.Tests", "Unity.AI.Navigation.Editor.Tests.csproj", "{716590a1-ed89-c410-2d31-71f0b16f3355}"
EndProject
Project("{FAE04EC0-301F-11D3-BF4B-00C04F79EFBC}") = "UnityEngine.UI.Tests", "UnityEngine.UI.Tests.csproj", "{a54dc0ed-9505-e5c3-af6e-74a3a3dcd510}"
EndProject
Project("{FAE04EC0-301F-11D3-BF4B-00C04F79EFBC}") = "Unity.Transforms.Hybrid.Tests", "Unity.Transforms.Hybrid.Tests.csproj", "{80466052-0492-eeb2-d856-6fd76323241a}"
EndProject
Project("{FAE04EC0-301F-11D3-BF4B-00C04F79EFBC}") = "Unity.Collections.Tests.Playmode", "Unity.Collections.Tests.Playmode.csproj", "{40e9dba8-640b-add8-33ca-f55f0f262fa9}"
EndProject
Project("{FAE04EC0-301F-11D3-BF4B-00C04F79EFBC}") = "Unity.Nuget.Mono-Cecil", "Unity.Nuget.Mono-Cecil.csproj", "{c0377267-1462-1774-5ab2-cd65364b1b4a}"
EndProject
Project("{FAE04EC0-301F-11D3-BF4B-00C04F79EFBC}") = "MockTests", "MockTests.csproj", "{4d98a5f5-8642-c8b1-88b3-251b6bdbf8b9}"
EndProject
Project("{FAE04EC0-301F-11D3-BF4B-00C04F79EFBC}") = "Unity.Entities.Hybrid.PerformanceTests", "Unity.Entities.Hybrid.PerformanceTests.csproj", "{a10daada-e676-6c55-b49d-21ac500859b8}"
EndProject
Project("{FAE04EC0-301F-11D3-BF4B-00C04F79EFBC}") = "Unity.Scenes.Hybrid.Tests", "Unity.Scenes.Hybrid.Tests.csproj", "{6d57f50c-6ed0-0e11-1411-6b73c13fd85a}"
EndProject
Project("{FAE04EC0-301F-11D3-BF4B-00C04F79EFBC}") = "Unity.Burst.Tests", "Unity.Burst.Tests.csproj", "{c4119dbf-da12-2f8a-0a32-986b6fcf82be}"
EndProject
Project("{FAE04EC0-301F-11D3-BF4B-00C04F79EFBC}") = "Cinemachine.Runtime.Tests", "Cinemachine.Runtime.Tests.csproj", "{dfd6bb2c-0874-982b-7190-4978c2a977eb}"
EndProject
Project("{FAE04EC0-301F-11D3-BF4B-00C04F79EFBC}") = "Unity.TextMeshPro.Tests", "Unity.TextMeshPro.Tests.csproj", "{57b0795c-d16c-add0-0fe6-f8a799c38656}"
EndProject
Project("{FAE04EC0-301F-11D3-BF4B-00C04F79EFBC}") = "UnityEditor.UI.EditorTests", "UnityEditor.UI.EditorTests.csproj", "{ddbefe12-548b-e111-c58f-62feb9e40460}"
EndProject
Project("{FAE04EC0-301F-11D3-BF4B-00C04F79EFBC}") = "Unity.Entities.Tests.InAnotherAssembly", "Unity.Entities.Tests.InAnotherAssembly.csproj", "{527019eb-99c0-e7cd-9d8f-5d5cdafac28b}"
EndProject
Project("{FAE04EC0-301F-11D3-BF4B-00C04F79EFBC}") = "Unity.Mathematics.Extensions.Tests", "Unity.Mathematics.Extensions.Tests.csproj", "{f3d174f6-4ce0-5b8a-7042-72e8f0570fa4}"
EndProject
Project("{FAE04EC0-301F-11D3-BF4B-00C04F79EFBC}") = "Unity.ScriptableBuildPipeline.Tests", "Unity.ScriptableBuildPipeline.Tests.csproj", "{34d5d98b-bb8a-b757-1eb2-5d1c9c14d064}"
EndProject
Project("{FAE04EC0-301F-11D3-BF4B-00C04F79EFBC}") = "Unity.Entities.Hybrid.Tests", "Unity.Entities.Hybrid.Tests.csproj", "{699a72d3-a458-ef17-e08f-152e5456cbc3}"
EndProject
Project("{FAE04EC0-301F-11D3-BF4B-00C04F79EFBC}") = "Unity.Entities.Tests", "Unity.Entities.Tests.csproj", "{dd4e8972-421a-862b-4351-d931c19ad4a8}"
EndProject
Project("{FAE04EC0-301F-11D3-BF4B-00C04F79EFBC}") = "Unity.Scenes.Editor.Tests", "Unity.Scenes.Editor.Tests.csproj", "{86b2f2a9-13bc-459e-7c2a-eeee9b4e80b4}"
EndProject
Project("{FAE04EC0-301F-11D3-BF4B-00C04F79EFBC}") = "Unity.Entities.TestComponents", "Unity.Entities.TestComponents.csproj", "{43a873ee-9afa-3b90-e392-bce10328ca38}"
EndProject
Project("{FAE04EC0-301F-11D3-BF4B-00C04F79EFBC}") = "Unity.Scenes.Editor.PerformanceTests", "Unity.Scenes.Editor.PerformanceTests.csproj", "{fad94683-51df-3ee0-bcc6-9293986bde19}"
EndProject
Project("{FAE04EC0-301F-11D3-BF4B-00C04F79EFBC}") = "Assembly-CSharp-Editor-firstpass", "Assembly-CSharp-Editor-firstpass.csproj", "{002f5937-4d7b-2cde-e25e-02df2aec1104}"
EndProject
Project("{FAE04EC0-301F-11D3-BF4B-00C04F79EFBC}") = "Unity.Entities.CodeGen.Tests", "Unity.Entities.CodeGen.Tests.csproj", "{34d933ed-75b1-ac6c-f927-224fe954e618}"
EndProject
Project("{FAE04EC0-301F-11D3-BF4B-00C04F79EFBC}") = "Unity.Collections.BurstCompatibilityGen", "Unity.Collections.BurstCompatibilityGen.csproj", "{4709c12f-5645-0bcc-3272-01b25ac2a7c2}"
EndProject
Project("{FAE04EC0-301F-11D3-BF4B-00C04F79EFBC}") = "Unity.Entities.Editor.Tests", "Unity.Entities.Editor.Tests.csproj", "{f2039b7c-8a45-9ef0-c627-565acf84b39d}"
EndProject
Project("{FAE04EC0-301F-11D3-BF4B-00C04F79EFBC}") = "Unity.Scenes.PerformanceTests", "Unity.Scenes.PerformanceTests.csproj", "{3581bf70-17ef-c8bb-5100-396b9ba232d8}"
EndProject
Global
	GlobalSection(SolutionConfigurationPlatforms) = preSolution
		Debug|Any CPU = Debug|Any CPU
	EndGlobalSection
	GlobalSection(ProjectConfigurationPlatforms) = postSolution
		{1f3626e0-43fc-65e2-1c6d-b072fee04615}.Debug|Any CPU.ActiveCfg = Debug|Any CPU
		{1f3626e0-43fc-65e2-1c6d-b072fee04615}.Debug|Any CPU.Build.0 = Debug|Any CPU
		{8d2bcb68-b546-8773-996e-673a2555d451}.Debug|Any CPU.ActiveCfg = Debug|Any CPU
		{8d2bcb68-b546-8773-996e-673a2555d451}.Debug|Any CPU.Build.0 = Debug|Any CPU
		{ebfdefab-ab81-4f7e-0df0-9b29bd42107e}.Debug|Any CPU.ActiveCfg = Debug|Any CPU
		{ebfdefab-ab81-4f7e-0df0-9b29bd42107e}.Debug|Any CPU.Build.0 = Debug|Any CPU
		{b7207e27-1ac5-1f9c-909d-d620ebabede7}.Debug|Any CPU.ActiveCfg = Debug|Any CPU
		{b7207e27-1ac5-1f9c-909d-d620ebabede7}.Debug|Any CPU.Build.0 = Debug|Any CPU
		{576b2fe4-6c5b-7e3a-7938-60f6b7fa38c3}.Debug|Any CPU.ActiveCfg = Debug|Any CPU
		{576b2fe4-6c5b-7e3a-7938-60f6b7fa38c3}.Debug|Any CPU.Build.0 = Debug|Any CPU
		{fcadb963-a7bb-b308-0c15-b535b6e7be45}.Debug|Any CPU.ActiveCfg = Debug|Any CPU
		{fcadb963-a7bb-b308-0c15-b535b6e7be45}.Debug|Any CPU.Build.0 = Debug|Any CPU
		{a63cba72-a0f5-58c0-9601-bb895888fb6a}.Debug|Any CPU.ActiveCfg = Debug|Any CPU
		{a63cba72-a0f5-58c0-9601-bb895888fb6a}.Debug|Any CPU.Build.0 = Debug|Any CPU
		{db72b368-947b-40c8-caea-a02064f392dc}.Debug|Any CPU.ActiveCfg = Debug|Any CPU
		{db72b368-947b-40c8-caea-a02064f392dc}.Debug|Any CPU.Build.0 = Debug|Any CPU
		{f7583831-7624-da32-fc0a-e0ddf80c5781}.Debug|Any CPU.ActiveCfg = Debug|Any CPU
		{f7583831-7624-da32-fc0a-e0ddf80c5781}.Debug|Any CPU.Build.0 = Debug|Any CPU
		{10d30a31-68fb-8286-517a-f0c7c22987dd}.Debug|Any CPU.ActiveCfg = Debug|Any CPU
		{10d30a31-68fb-8286-517a-f0c7c22987dd}.Debug|Any CPU.Build.0 = Debug|Any CPU
		{b3c0e97a-8211-b7cb-7c6f-df697b4c0a09}.Debug|Any CPU.ActiveCfg = Debug|Any CPU
		{b3c0e97a-8211-b7cb-7c6f-df697b4c0a09}.Debug|Any CPU.Build.0 = Debug|Any CPU
		{3a6d35bb-e422-5680-b3ca-549c9f7e3a3c}.Debug|Any CPU.ActiveCfg = Debug|Any CPU
		{3a6d35bb-e422-5680-b3ca-549c9f7e3a3c}.Debug|Any CPU.Build.0 = Debug|Any CPU
		{eadf5212-ee3c-2794-c8f1-6c3681334a0a}.Debug|Any CPU.ActiveCfg = Debug|Any CPU
		{eadf5212-ee3c-2794-c8f1-6c3681334a0a}.Debug|Any CPU.Build.0 = Debug|Any CPU
		{148945e3-f370-c267-05da-b12ad03b087d}.Debug|Any CPU.ActiveCfg = Debug|Any CPU
		{148945e3-f370-c267-05da-b12ad03b087d}.Debug|Any CPU.Build.0 = Debug|Any CPU
		{892bde0b-fd69-58eb-f14c-48407a56e777}.Debug|Any CPU.ActiveCfg = Debug|Any CPU
		{892bde0b-fd69-58eb-f14c-48407a56e777}.Debug|Any CPU.Build.0 = Debug|Any CPU
		{a6e4d68d-8713-ae83-6167-09021ce2a3fa}.Debug|Any CPU.ActiveCfg = Debug|Any CPU
		{a6e4d68d-8713-ae83-6167-09021ce2a3fa}.Debug|Any CPU.Build.0 = Debug|Any CPU
		{a3f524b2-db8c-cc39-d709-d22a2f734b40}.Debug|Any CPU.ActiveCfg = Debug|Any CPU
		{a3f524b2-db8c-cc39-d709-d22a2f734b40}.Debug|Any CPU.Build.0 = Debug|Any CPU
		{a95e3a6f-56de-e7c2-d1b2-a5b9491659c3}.Debug|Any CPU.ActiveCfg = Debug|Any CPU
		{a95e3a6f-56de-e7c2-d1b2-a5b9491659c3}.Debug|Any CPU.Build.0 = Debug|Any CPU
		{61f5edcb-78ff-07ad-ddab-033f62af8765}.Debug|Any CPU.ActiveCfg = Debug|Any CPU
		{61f5edcb-78ff-07ad-ddab-033f62af8765}.Debug|Any CPU.Build.0 = Debug|Any CPU
		{df7ba770-3157-a67b-f7ed-807ae0623cde}.Debug|Any CPU.ActiveCfg = Debug|Any CPU
		{df7ba770-3157-a67b-f7ed-807ae0623cde}.Debug|Any CPU.Build.0 = Debug|Any CPU
		{5c05ae9b-5935-580c-9c9b-82980f5fb53b}.Debug|Any CPU.ActiveCfg = Debug|Any CPU
		{5c05ae9b-5935-580c-9c9b-82980f5fb53b}.Debug|Any CPU.Build.0 = Debug|Any CPU
		{3ee6a6b0-e9b6-4349-a5cb-2515a2edd4f3}.Debug|Any CPU.ActiveCfg = Debug|Any CPU
		{3ee6a6b0-e9b6-4349-a5cb-2515a2edd4f3}.Debug|Any CPU.Build.0 = Debug|Any CPU
		{b26cfd7c-ee1e-5c2f-72a0-5fa3eb53c8cf}.Debug|Any CPU.ActiveCfg = Debug|Any CPU
		{b26cfd7c-ee1e-5c2f-72a0-5fa3eb53c8cf}.Debug|Any CPU.Build.0 = Debug|Any CPU
		{7e0e288a-91ed-72cd-161a-11f6392c9423}.Debug|Any CPU.ActiveCfg = Debug|Any CPU
		{7e0e288a-91ed-72cd-161a-11f6392c9423}.Debug|Any CPU.Build.0 = Debug|Any CPU
		{2e0fa38c-6e75-dde7-d0a2-75420ef0c52a}.Debug|Any CPU.ActiveCfg = Debug|Any CPU
		{2e0fa38c-6e75-dde7-d0a2-75420ef0c52a}.Debug|Any CPU.Build.0 = Debug|Any CPU
		{4eb4069f-74ff-9ab6-10f9-1ef68bd76e2c}.Debug|Any CPU.ActiveCfg = Debug|Any CPU
		{4eb4069f-74ff-9ab6-10f9-1ef68bd76e2c}.Debug|Any CPU.Build.0 = Debug|Any CPU
		{32de2c94-1f14-c5be-09be-3126e36af783}.Debug|Any CPU.ActiveCfg = Debug|Any CPU
		{32de2c94-1f14-c5be-09be-3126e36af783}.Debug|Any CPU.Build.0 = Debug|Any CPU
		{e038c1dd-4861-7a14-9d05-6f5f2c686ec0}.Debug|Any CPU.ActiveCfg = Debug|Any CPU
		{e038c1dd-4861-7a14-9d05-6f5f2c686ec0}.Debug|Any CPU.Build.0 = Debug|Any CPU
		{2d140132-b4d7-e774-08b1-d9ff2c794811}.Debug|Any CPU.ActiveCfg = Debug|Any CPU
		{2d140132-b4d7-e774-08b1-d9ff2c794811}.Debug|Any CPU.Build.0 = Debug|Any CPU
		{89914cd3-222e-92f1-6a92-37171f89b8de}.Debug|Any CPU.ActiveCfg = Debug|Any CPU
		{89914cd3-222e-92f1-6a92-37171f89b8de}.Debug|Any CPU.Build.0 = Debug|Any CPU
		{b1ad4fdb-10c5-1b7b-88f8-2e995945d208}.Debug|Any CPU.ActiveCfg = Debug|Any CPU
		{b1ad4fdb-10c5-1b7b-88f8-2e995945d208}.Debug|Any CPU.Build.0 = Debug|Any CPU
		{87b464e3-6137-dc89-a06a-4cca4de1f8b4}.Debug|Any CPU.ActiveCfg = Debug|Any CPU
		{87b464e3-6137-dc89-a06a-4cca4de1f8b4}.Debug|Any CPU.Build.0 = Debug|Any CPU
		{95377616-74ef-8973-da96-60f74c408b71}.Debug|Any CPU.ActiveCfg = Debug|Any CPU
		{95377616-74ef-8973-da96-60f74c408b71}.Debug|Any CPU.Build.0 = Debug|Any CPU
		{b9af2595-9b4b-e87c-4d37-39826074065d}.Debug|Any CPU.ActiveCfg = Debug|Any CPU
		{b9af2595-9b4b-e87c-4d37-39826074065d}.Debug|Any CPU.Build.0 = Debug|Any CPU
		{9621d571-a8a3-95d3-a668-e4b2e22e7074}.Debug|Any CPU.ActiveCfg = Debug|Any CPU
		{9621d571-a8a3-95d3-a668-e4b2e22e7074}.Debug|Any CPU.Build.0 = Debug|Any CPU
		{968b7863-5a83-2871-745f-0af2967f1727}.Debug|Any CPU.ActiveCfg = Debug|Any CPU
		{968b7863-5a83-2871-745f-0af2967f1727}.Debug|Any CPU.Build.0 = Debug|Any CPU
		{4c4cefbd-1fc7-f6ac-a916-de5459587ab3}.Debug|Any CPU.ActiveCfg = Debug|Any CPU
		{4c4cefbd-1fc7-f6ac-a916-de5459587ab3}.Debug|Any CPU.Build.0 = Debug|Any CPU
		{c1accded-5525-84c6-31cb-63e71562a667}.Debug|Any CPU.ActiveCfg = Debug|Any CPU
		{c1accded-5525-84c6-31cb-63e71562a667}.Debug|Any CPU.Build.0 = Debug|Any CPU
		{52ef35a4-04f0-1177-4e4f-9f5d7688298e}.Debug|Any CPU.ActiveCfg = Debug|Any CPU
		{52ef35a4-04f0-1177-4e4f-9f5d7688298e}.Debug|Any CPU.Build.0 = Debug|Any CPU
		{6b21d4d0-08f4-2348-d7d9-3636856b7e98}.Debug|Any CPU.ActiveCfg = Debug|Any CPU
		{6b21d4d0-08f4-2348-d7d9-3636856b7e98}.Debug|Any CPU.Build.0 = Debug|Any CPU
		{453ff81b-a4ec-e477-5378-f923498bfa13}.Debug|Any CPU.ActiveCfg = Debug|Any CPU
		{453ff81b-a4ec-e477-5378-f923498bfa13}.Debug|Any CPU.Build.0 = Debug|Any CPU
		{f8790c69-85c4-d0bd-f1b8-00f4b3e4efbf}.Debug|Any CPU.ActiveCfg = Debug|Any CPU
		{f8790c69-85c4-d0bd-f1b8-00f4b3e4efbf}.Debug|Any CPU.Build.0 = Debug|Any CPU
		{4ca62465-b0ce-657a-2e15-e260f3ed42bb}.Debug|Any CPU.ActiveCfg = Debug|Any CPU
		{4ca62465-b0ce-657a-2e15-e260f3ed42bb}.Debug|Any CPU.Build.0 = Debug|Any CPU
		{c801c0c5-b722-daeb-5041-ccd02a2c961e}.Debug|Any CPU.ActiveCfg = Debug|Any CPU
		{c801c0c5-b722-daeb-5041-ccd02a2c961e}.Debug|Any CPU.Build.0 = Debug|Any CPU
		{5ab179f1-773c-8faf-086c-9f985c848ede}.Debug|Any CPU.ActiveCfg = Debug|Any CPU
		{5ab179f1-773c-8faf-086c-9f985c848ede}.Debug|Any CPU.Build.0 = Debug|Any CPU
		{716dbebe-7778-be1f-b162-081d1c7ceced}.Debug|Any CPU.ActiveCfg = Debug|Any CPU
		{716dbebe-7778-be1f-b162-081d1c7ceced}.Debug|Any CPU.Build.0 = Debug|Any CPU
		{2a97d252-9531-41ae-775b-ffa0a0e44d8c}.Debug|Any CPU.ActiveCfg = Debug|Any CPU
		{2a97d252-9531-41ae-775b-ffa0a0e44d8c}.Debug|Any CPU.Build.0 = Debug|Any CPU
		{754afed0-97cb-46b2-7ac3-b2a9ddcc8474}.Debug|Any CPU.ActiveCfg = Debug|Any CPU
		{754afed0-97cb-46b2-7ac3-b2a9ddcc8474}.Debug|Any CPU.Build.0 = Debug|Any CPU
		{c65e631e-7aa3-bdcd-ed7b-ffa75bf52f0f}.Debug|Any CPU.ActiveCfg = Debug|Any CPU
		{c65e631e-7aa3-bdcd-ed7b-ffa75bf52f0f}.Debug|Any CPU.Build.0 = Debug|Any CPU
		{8a8e3eb8-2e18-f9ff-6bd2-907369ca38bb}.Debug|Any CPU.ActiveCfg = Debug|Any CPU
		{8a8e3eb8-2e18-f9ff-6bd2-907369ca38bb}.Debug|Any CPU.Build.0 = Debug|Any CPU
		{cb853eb4-1cd5-fd5b-1dd4-3e8457d7a3ad}.Debug|Any CPU.ActiveCfg = Debug|Any CPU
		{cb853eb4-1cd5-fd5b-1dd4-3e8457d7a3ad}.Debug|Any CPU.Build.0 = Debug|Any CPU
		{0b54e403-a597-e091-dfb9-2fbe3ceea2a1}.Debug|Any CPU.ActiveCfg = Debug|Any CPU
		{0b54e403-a597-e091-dfb9-2fbe3ceea2a1}.Debug|Any CPU.Build.0 = Debug|Any CPU
		{1ca23099-0818-3bf6-59e6-deff3faf8133}.Debug|Any CPU.ActiveCfg = Debug|Any CPU
		{1ca23099-0818-3bf6-59e6-deff3faf8133}.Debug|Any CPU.Build.0 = Debug|Any CPU
		{f58946f0-77bf-5acf-159e-5c5eb13ba3d5}.Debug|Any CPU.ActiveCfg = Debug|Any CPU
		{f58946f0-77bf-5acf-159e-5c5eb13ba3d5}.Debug|Any CPU.Build.0 = Debug|Any CPU
		{32ec9672-32a8-69aa-34e6-0ea3ce0d1c10}.Debug|Any CPU.ActiveCfg = Debug|Any CPU
		{32ec9672-32a8-69aa-34e6-0ea3ce0d1c10}.Debug|Any CPU.Build.0 = Debug|Any CPU
		{8f013b7e-0a44-5298-362f-ec7123085a75}.Debug|Any CPU.ActiveCfg = Debug|Any CPU
		{8f013b7e-0a44-5298-362f-ec7123085a75}.Debug|Any CPU.Build.0 = Debug|Any CPU
		{6a3854c5-d955-1b5b-93ae-4d374d39ed2d}.Debug|Any CPU.ActiveCfg = Debug|Any CPU
		{6a3854c5-d955-1b5b-93ae-4d374d39ed2d}.Debug|Any CPU.Build.0 = Debug|Any CPU
		{5e0406d7-f495-f589-fdc4-b0dfa0a42f9e}.Debug|Any CPU.ActiveCfg = Debug|Any CPU
		{5e0406d7-f495-f589-fdc4-b0dfa0a42f9e}.Debug|Any CPU.Build.0 = Debug|Any CPU
		{5df852f0-c504-be73-abc6-d32c1cf31c28}.Debug|Any CPU.ActiveCfg = Debug|Any CPU
		{5df852f0-c504-be73-abc6-d32c1cf31c28}.Debug|Any CPU.Build.0 = Debug|Any CPU
		{919ee2da-c5d3-d1ad-1b52-757f5b2ee9b3}.Debug|Any CPU.ActiveCfg = Debug|Any CPU
		{919ee2da-c5d3-d1ad-1b52-757f5b2ee9b3}.Debug|Any CPU.Build.0 = Debug|Any CPU
		{bed46137-bc40-645e-eb7a-f34ef731392a}.Debug|Any CPU.ActiveCfg = Debug|Any CPU
		{bed46137-bc40-645e-eb7a-f34ef731392a}.Debug|Any CPU.Build.0 = Debug|Any CPU
		{ab29b21f-4d16-22a5-bb8b-9c949a1ef782}.Debug|Any CPU.ActiveCfg = Debug|Any CPU
		{ab29b21f-4d16-22a5-bb8b-9c949a1ef782}.Debug|Any CPU.Build.0 = Debug|Any CPU
		{f13e18d2-01d8-9aea-2541-2d86dd6282c2}.Debug|Any CPU.ActiveCfg = Debug|Any CPU
		{f13e18d2-01d8-9aea-2541-2d86dd6282c2}.Debug|Any CPU.Build.0 = Debug|Any CPU
		{309b7d1d-7000-a6c6-d49a-26a01d52adc6}.Debug|Any CPU.ActiveCfg = Debug|Any CPU
		{309b7d1d-7000-a6c6-d49a-26a01d52adc6}.Debug|Any CPU.Build.0 = Debug|Any CPU
		{8cef3775-4674-0987-876b-088bf8de3945}.Debug|Any CPU.ActiveCfg = Debug|Any CPU
		{8cef3775-4674-0987-876b-088bf8de3945}.Debug|Any CPU.Build.0 = Debug|Any CPU
		{61dbb933-6a74-f253-1fa6-04d521f11537}.Debug|Any CPU.ActiveCfg = Debug|Any CPU
		{61dbb933-6a74-f253-1fa6-04d521f11537}.Debug|Any CPU.Build.0 = Debug|Any CPU
		{e5fac7ce-a511-f05a-b2c3-f3557f289e6a}.Debug|Any CPU.ActiveCfg = Debug|Any CPU
		{e5fac7ce-a511-f05a-b2c3-f3557f289e6a}.Debug|Any CPU.Build.0 = Debug|Any CPU
		{4a7d699c-542c-38b5-c67c-d1abde30b395}.Debug|Any CPU.ActiveCfg = Debug|Any CPU
		{4a7d699c-542c-38b5-c67c-d1abde30b395}.Debug|Any CPU.Build.0 = Debug|Any CPU
		{11333de1-6278-03f1-4376-8da48334a60d}.Debug|Any CPU.ActiveCfg = Debug|Any CPU
		{11333de1-6278-03f1-4376-8da48334a60d}.Debug|Any CPU.Build.0 = Debug|Any CPU
		{1ca4a6e2-5983-51b3-a84b-60a199aedcd8}.Debug|Any CPU.ActiveCfg = Debug|Any CPU
		{1ca4a6e2-5983-51b3-a84b-60a199aedcd8}.Debug|Any CPU.Build.0 = Debug|Any CPU
		{23c3ac99-ae9d-f422-ff1b-e74ab78a0787}.Debug|Any CPU.ActiveCfg = Debug|Any CPU
		{23c3ac99-ae9d-f422-ff1b-e74ab78a0787}.Debug|Any CPU.Build.0 = Debug|Any CPU
		{8a590002-ef90-89ca-89a1-1f6e5148dff6}.Debug|Any CPU.ActiveCfg = Debug|Any CPU
		{8a590002-ef90-89ca-89a1-1f6e5148dff6}.Debug|Any CPU.Build.0 = Debug|Any CPU
		{3d917dbf-79f8-f672-a1d9-da48e0bad75f}.Debug|Any CPU.ActiveCfg = Debug|Any CPU
		{3d917dbf-79f8-f672-a1d9-da48e0bad75f}.Debug|Any CPU.Build.0 = Debug|Any CPU
		{a2d653f1-a17b-fd26-f658-2aea3aa0a395}.Debug|Any CPU.ActiveCfg = Debug|Any CPU
		{a2d653f1-a17b-fd26-f658-2aea3aa0a395}.Debug|Any CPU.Build.0 = Debug|Any CPU
		{5ed88234-112f-e207-96f7-0b3f57d7b745}.Debug|Any CPU.ActiveCfg = Debug|Any CPU
		{5ed88234-112f-e207-96f7-0b3f57d7b745}.Debug|Any CPU.Build.0 = Debug|Any CPU
		{6b12b765-155f-9ad4-92d5-801e03bc4967}.Debug|Any CPU.ActiveCfg = Debug|Any CPU
		{6b12b765-155f-9ad4-92d5-801e03bc4967}.Debug|Any CPU.Build.0 = Debug|Any CPU
		{90276c5c-4f8b-bbe6-de8b-baae7a6fbf1a}.Debug|Any CPU.ActiveCfg = Debug|Any CPU
		{90276c5c-4f8b-bbe6-de8b-baae7a6fbf1a}.Debug|Any CPU.Build.0 = Debug|Any CPU
		{567408e1-98c7-7dd5-7c7d-e3251b599c31}.Debug|Any CPU.ActiveCfg = Debug|Any CPU
		{567408e1-98c7-7dd5-7c7d-e3251b599c31}.Debug|Any CPU.Build.0 = Debug|Any CPU
		{84d27653-cf40-4a89-8763-b88bb18f6080}.Debug|Any CPU.ActiveCfg = Debug|Any CPU
		{84d27653-cf40-4a89-8763-b88bb18f6080}.Debug|Any CPU.Build.0 = Debug|Any CPU
		{88d7cfc7-f35b-820f-5488-89f0949e6415}.Debug|Any CPU.ActiveCfg = Debug|Any CPU
		{88d7cfc7-f35b-820f-5488-89f0949e6415}.Debug|Any CPU.Build.0 = Debug|Any CPU
		{4a39fec5-ecc0-8f4b-6214-f3160d1a19da}.Debug|Any CPU.ActiveCfg = Debug|Any CPU
		{4a39fec5-ecc0-8f4b-6214-f3160d1a19da}.Debug|Any CPU.Build.0 = Debug|Any CPU
		{0ec65392-0124-49cd-386a-ba806fc75062}.Debug|Any CPU.ActiveCfg = Debug|Any CPU
		{0ec65392-0124-49cd-386a-ba806fc75062}.Debug|Any CPU.Build.0 = Debug|Any CPU
		{70efadbe-ce9b-1d7c-140b-0c470382a807}.Debug|Any CPU.ActiveCfg = Debug|Any CPU
		{70efadbe-ce9b-1d7c-140b-0c470382a807}.Debug|Any CPU.Build.0 = Debug|Any CPU
		{f4e851c8-29e4-f64a-b7d5-725ad1f72ff1}.Debug|Any CPU.ActiveCfg = Debug|Any CPU
		{f4e851c8-29e4-f64a-b7d5-725ad1f72ff1}.Debug|Any CPU.Build.0 = Debug|Any CPU
		{e3f4b44d-156c-c83e-33f1-1c456b8dcab6}.Debug|Any CPU.ActiveCfg = Debug|Any CPU
		{e3f4b44d-156c-c83e-33f1-1c456b8dcab6}.Debug|Any CPU.Build.0 = Debug|Any CPU
		{88263b72-bc4b-c3da-04a7-a7fa74b9f378}.Debug|Any CPU.ActiveCfg = Debug|Any CPU
		{88263b72-bc4b-c3da-04a7-a7fa74b9f378}.Debug|Any CPU.Build.0 = Debug|Any CPU
		{41108aa0-99e5-e227-5a20-4defc3a2ad56}.Debug|Any CPU.ActiveCfg = Debug|Any CPU
		{41108aa0-99e5-e227-5a20-4defc3a2ad56}.Debug|Any CPU.Build.0 = Debug|Any CPU
		{bbeed502-60e5-ba31-66bb-6b125ba89994}.Debug|Any CPU.ActiveCfg = Debug|Any CPU
		{bbeed502-60e5-ba31-66bb-6b125ba89994}.Debug|Any CPU.Build.0 = Debug|Any CPU
		{d2835d97-4650-e1b5-e04f-8d7572c41070}.Debug|Any CPU.ActiveCfg = Debug|Any CPU
		{d2835d97-4650-e1b5-e04f-8d7572c41070}.Debug|Any CPU.Build.0 = Debug|Any CPU
		{1ee37998-31d8-74e4-1adc-cccd0246e6c2}.Debug|Any CPU.ActiveCfg = Debug|Any CPU
		{1ee37998-31d8-74e4-1adc-cccd0246e6c2}.Debug|Any CPU.Build.0 = Debug|Any CPU
		{160a1adc-c334-800e-5ee2-4cf2e2d8a631}.Debug|Any CPU.ActiveCfg = Debug|Any CPU
		{160a1adc-c334-800e-5ee2-4cf2e2d8a631}.Debug|Any CPU.Build.0 = Debug|Any CPU
		{0c846a47-da64-2f62-73c2-2228d09c10a2}.Debug|Any CPU.ActiveCfg = Debug|Any CPU
		{0c846a47-da64-2f62-73c2-2228d09c10a2}.Debug|Any CPU.Build.0 = Debug|Any CPU
		{c3580231-7bb3-b0ad-dc8d-0b6e36643b2f}.Debug|Any CPU.ActiveCfg = Debug|Any CPU
		{c3580231-7bb3-b0ad-dc8d-0b6e36643b2f}.Debug|Any CPU.Build.0 = Debug|Any CPU
		{d0cd260f-4db6-8e7c-3861-11f251650f9e}.Debug|Any CPU.ActiveCfg = Debug|Any CPU
		{d0cd260f-4db6-8e7c-3861-11f251650f9e}.Debug|Any CPU.Build.0 = Debug|Any CPU
		{5b0eaf87-6c93-0e1d-2717-d5ed5863712e}.Debug|Any CPU.ActiveCfg = Debug|Any CPU
		{5b0eaf87-6c93-0e1d-2717-d5ed5863712e}.Debug|Any CPU.Build.0 = Debug|Any CPU
		{83706e4a-189c-bb89-d9a2-a272858fb0f7}.Debug|Any CPU.ActiveCfg = Debug|Any CPU
		{83706e4a-189c-bb89-d9a2-a272858fb0f7}.Debug|Any CPU.Build.0 = Debug|Any CPU
		{3d15123a-8ca7-5acc-cf8b-f04013533a79}.Debug|Any CPU.ActiveCfg = Debug|Any CPU
		{3d15123a-8ca7-5acc-cf8b-f04013533a79}.Debug|Any CPU.Build.0 = Debug|Any CPU
		{041ff968-9609-dd53-8404-58af7babff92}.Debug|Any CPU.ActiveCfg = Debug|Any CPU
		{041ff968-9609-dd53-8404-58af7babff92}.Debug|Any CPU.Build.0 = Debug|Any CPU
		{12ff9a99-bcec-adee-3d3a-45009212bee5}.Debug|Any CPU.ActiveCfg = Debug|Any CPU
		{12ff9a99-bcec-adee-3d3a-45009212bee5}.Debug|Any CPU.Build.0 = Debug|Any CPU
		{bc684bdf-ac05-6568-fdf2-7c0ae3902615}.Debug|Any CPU.ActiveCfg = Debug|Any CPU
		{bc684bdf-ac05-6568-fdf2-7c0ae3902615}.Debug|Any CPU.Build.0 = Debug|Any CPU
		{3d02cb83-fbc2-9e32-d968-344cc2e94e11}.Debug|Any CPU.ActiveCfg = Debug|Any CPU
		{3d02cb83-fbc2-9e32-d968-344cc2e94e11}.Debug|Any CPU.Build.0 = Debug|Any CPU
		{3b887ae3-837c-4211-0020-eb0912ae3027}.Debug|Any CPU.ActiveCfg = Debug|Any CPU
		{3b887ae3-837c-4211-0020-eb0912ae3027}.Debug|Any CPU.Build.0 = Debug|Any CPU
		{5d7ef862-80f8-ad5c-2245-609953f02ca0}.Debug|Any CPU.ActiveCfg = Debug|Any CPU
		{5d7ef862-80f8-ad5c-2245-609953f02ca0}.Debug|Any CPU.Build.0 = Debug|Any CPU
		{91db68ad-eafb-5905-1a2e-71b00ebe9d17}.Debug|Any CPU.ActiveCfg = Debug|Any CPU
		{91db68ad-eafb-5905-1a2e-71b00ebe9d17}.Debug|Any CPU.Build.0 = Debug|Any CPU
		{0a8f374e-9fc3-1e5e-a2eb-2e2fefc07679}.Debug|Any CPU.ActiveCfg = Debug|Any CPU
		{0a8f374e-9fc3-1e5e-a2eb-2e2fefc07679}.Debug|Any CPU.Build.0 = Debug|Any CPU
		{3fec4a91-c9b6-e505-f5f9-271a38bd03f1}.Debug|Any CPU.ActiveCfg = Debug|Any CPU
		{3fec4a91-c9b6-e505-f5f9-271a38bd03f1}.Debug|Any CPU.Build.0 = Debug|Any CPU
		{c7d2750b-820b-7965-3c6d-8db1abfca4dd}.Debug|Any CPU.ActiveCfg = Debug|Any CPU
		{c7d2750b-820b-7965-3c6d-8db1abfca4dd}.Debug|Any CPU.Build.0 = Debug|Any CPU
		{1b74b534-52e1-9413-f99e-06ec20e65c6c}.Debug|Any CPU.ActiveCfg = Debug|Any CPU
		{1b74b534-52e1-9413-f99e-06ec20e65c6c}.Debug|Any CPU.Build.0 = Debug|Any CPU
		{d6bf90b8-61b1-0053-8ea1-f800f656211d}.Debug|Any CPU.ActiveCfg = Debug|Any CPU
		{d6bf90b8-61b1-0053-8ea1-f800f656211d}.Debug|Any CPU.Build.0 = Debug|Any CPU
		{0190ee4c-0d6b-bde0-ae63-aac94de679f2}.Debug|Any CPU.ActiveCfg = Debug|Any CPU
		{0190ee4c-0d6b-bde0-ae63-aac94de679f2}.Debug|Any CPU.Build.0 = Debug|Any CPU
		{d961a124-35b4-5ed1-f3a2-3f092e46a515}.Debug|Any CPU.ActiveCfg = Debug|Any CPU
		{d961a124-35b4-5ed1-f3a2-3f092e46a515}.Debug|Any CPU.Build.0 = Debug|Any CPU
		{eb209b4c-ceeb-da03-162d-dd22d50c0b37}.Debug|Any CPU.ActiveCfg = Debug|Any CPU
		{eb209b4c-ceeb-da03-162d-dd22d50c0b37}.Debug|Any CPU.Build.0 = Debug|Any CPU
		{f3cd94e9-9de5-6e99-8736-c4fc7dd785ef}.Debug|Any CPU.ActiveCfg = Debug|Any CPU
		{f3cd94e9-9de5-6e99-8736-c4fc7dd785ef}.Debug|Any CPU.Build.0 = Debug|Any CPU
		{89ba176a-b687-baad-b427-6d93b9dba03d}.Debug|Any CPU.ActiveCfg = Debug|Any CPU
		{89ba176a-b687-baad-b427-6d93b9dba03d}.Debug|Any CPU.Build.0 = Debug|Any CPU
		{f6c97370-6fcb-a7dc-a70d-3119e7eae968}.Debug|Any CPU.ActiveCfg = Debug|Any CPU
		{f6c97370-6fcb-a7dc-a70d-3119e7eae968}.Debug|Any CPU.Build.0 = Debug|Any CPU
		{a4afdf67-ab35-6f08-9554-f85f7ac93451}.Debug|Any CPU.ActiveCfg = Debug|Any CPU
		{a4afdf67-ab35-6f08-9554-f85f7ac93451}.Debug|Any CPU.Build.0 = Debug|Any CPU
		{537372ca-91f1-54c0-c431-a075350095bf}.Debug|Any CPU.ActiveCfg = Debug|Any CPU
		{537372ca-91f1-54c0-c431-a075350095bf}.Debug|Any CPU.Build.0 = Debug|Any CPU
		{fc3bc837-d374-ecdc-cd16-3bc9dd188331}.Debug|Any CPU.ActiveCfg = Debug|Any CPU
		{fc3bc837-d374-ecdc-cd16-3bc9dd188331}.Debug|Any CPU.Build.0 = Debug|Any CPU
		{673f3916-7aca-0e02-14e1-6077c59da6be}.Debug|Any CPU.ActiveCfg = Debug|Any CPU
		{673f3916-7aca-0e02-14e1-6077c59da6be}.Debug|Any CPU.Build.0 = Debug|Any CPU
		{c35e14cd-d728-ef2a-b37a-10770bb39ed9}.Debug|Any CPU.ActiveCfg = Debug|Any CPU
		{c35e14cd-d728-ef2a-b37a-10770bb39ed9}.Debug|Any CPU.Build.0 = Debug|Any CPU
		{80e7b95d-77b6-65af-dd67-1a515964c664}.Debug|Any CPU.ActiveCfg = Debug|Any CPU
		{80e7b95d-77b6-65af-dd67-1a515964c664}.Debug|Any CPU.Build.0 = Debug|Any CPU
		{1b301d98-b0ac-5ec9-9562-e38fc2ee57f1}.Debug|Any CPU.ActiveCfg = Debug|Any CPU
		{1b301d98-b0ac-5ec9-9562-e38fc2ee57f1}.Debug|Any CPU.Build.0 = Debug|Any CPU
		{967f22a3-a921-775b-d887-db1d389d471c}.Debug|Any CPU.ActiveCfg = Debug|Any CPU
		{967f22a3-a921-775b-d887-db1d389d471c}.Debug|Any CPU.Build.0 = Debug|Any CPU
		{24b9bec3-40d1-262f-f853-fa58439521b2}.Debug|Any CPU.ActiveCfg = Debug|Any CPU
		{24b9bec3-40d1-262f-f853-fa58439521b2}.Debug|Any CPU.Build.0 = Debug|Any CPU
		{af14c385-c6a4-75a0-b198-f7734e418ec9}.Debug|Any CPU.ActiveCfg = Debug|Any CPU
		{af14c385-c6a4-75a0-b198-f7734e418ec9}.Debug|Any CPU.Build.0 = Debug|Any CPU
		{f3ceb422-16e7-1728-7278-9cc8448a34c9}.Debug|Any CPU.ActiveCfg = Debug|Any CPU
		{f3ceb422-16e7-1728-7278-9cc8448a34c9}.Debug|Any CPU.Build.0 = Debug|Any CPU
		{66a09632-2fe1-ff0e-a99a-ed2b675a8718}.Debug|Any CPU.ActiveCfg = Debug|Any CPU
		{66a09632-2fe1-ff0e-a99a-ed2b675a8718}.Debug|Any CPU.Build.0 = Debug|Any CPU
		{a9256965-eedb-2d5d-1169-89060487d7ae}.Debug|Any CPU.ActiveCfg = Debug|Any CPU
		{a9256965-eedb-2d5d-1169-89060487d7ae}.Debug|Any CPU.Build.0 = Debug|Any CPU
		{5faa48cd-7384-6062-52ae-0edaec534e0f}.Debug|Any CPU.ActiveCfg = Debug|Any CPU
		{5faa48cd-7384-6062-52ae-0edaec534e0f}.Debug|Any CPU.Build.0 = Debug|Any CPU
		{ee54dcfd-70f0-177c-a5e4-e1023d09fae2}.Debug|Any CPU.ActiveCfg = Debug|Any CPU
		{ee54dcfd-70f0-177c-a5e4-e1023d09fae2}.Debug|Any CPU.Build.0 = Debug|Any CPU
		{3eb16f64-9fad-3a73-afa1-3324f924ff39}.Debug|Any CPU.ActiveCfg = Debug|Any CPU
		{3eb16f64-9fad-3a73-afa1-3324f924ff39}.Debug|Any CPU.Build.0 = Debug|Any CPU
		{083b651e-62d2-353e-0554-d1c8efb4a937}.Debug|Any CPU.ActiveCfg = Debug|Any CPU
		{083b651e-62d2-353e-0554-d1c8efb4a937}.Debug|Any CPU.Build.0 = Debug|Any CPU
		{5d362010-1e51-2dfd-6d9c-c42073f1fc5b}.Debug|Any CPU.ActiveCfg = Debug|Any CPU
		{5d362010-1e51-2dfd-6d9c-c42073f1fc5b}.Debug|Any CPU.Build.0 = Debug|Any CPU
		{716590a1-ed89-c410-2d31-71f0b16f3355}.Debug|Any CPU.ActiveCfg = Debug|Any CPU
		{716590a1-ed89-c410-2d31-71f0b16f3355}.Debug|Any CPU.Build.0 = Debug|Any CPU
		{a54dc0ed-9505-e5c3-af6e-74a3a3dcd510}.Debug|Any CPU.ActiveCfg = Debug|Any CPU
		{a54dc0ed-9505-e5c3-af6e-74a3a3dcd510}.Debug|Any CPU.Build.0 = Debug|Any CPU
		{80466052-0492-eeb2-d856-6fd76323241a}.Debug|Any CPU.ActiveCfg = Debug|Any CPU
		{80466052-0492-eeb2-d856-6fd76323241a}.Debug|Any CPU.Build.0 = Debug|Any CPU
		{40e9dba8-640b-add8-33ca-f55f0f262fa9}.Debug|Any CPU.ActiveCfg = Debug|Any CPU
		{40e9dba8-640b-add8-33ca-f55f0f262fa9}.Debug|Any CPU.Build.0 = Debug|Any CPU
		{c0377267-1462-1774-5ab2-cd65364b1b4a}.Debug|Any CPU.ActiveCfg = Debug|Any CPU
		{c0377267-1462-1774-5ab2-cd65364b1b4a}.Debug|Any CPU.Build.0 = Debug|Any CPU
		{4d98a5f5-8642-c8b1-88b3-251b6bdbf8b9}.Debug|Any CPU.ActiveCfg = Debug|Any CPU
		{4d98a5f5-8642-c8b1-88b3-251b6bdbf8b9}.Debug|Any CPU.Build.0 = Debug|Any CPU
		{a10daada-e676-6c55-b49d-21ac500859b8}.Debug|Any CPU.ActiveCfg = Debug|Any CPU
		{a10daada-e676-6c55-b49d-21ac500859b8}.Debug|Any CPU.Build.0 = Debug|Any CPU
		{6d57f50c-6ed0-0e11-1411-6b73c13fd85a}.Debug|Any CPU.ActiveCfg = Debug|Any CPU
		{6d57f50c-6ed0-0e11-1411-6b73c13fd85a}.Debug|Any CPU.Build.0 = Debug|Any CPU
		{c4119dbf-da12-2f8a-0a32-986b6fcf82be}.Debug|Any CPU.ActiveCfg = Debug|Any CPU
		{c4119dbf-da12-2f8a-0a32-986b6fcf82be}.Debug|Any CPU.Build.0 = Debug|Any CPU
		{dfd6bb2c-0874-982b-7190-4978c2a977eb}.Debug|Any CPU.ActiveCfg = Debug|Any CPU
		{dfd6bb2c-0874-982b-7190-4978c2a977eb}.Debug|Any CPU.Build.0 = Debug|Any CPU
		{57b0795c-d16c-add0-0fe6-f8a799c38656}.Debug|Any CPU.ActiveCfg = Debug|Any CPU
		{57b0795c-d16c-add0-0fe6-f8a799c38656}.Debug|Any CPU.Build.0 = Debug|Any CPU
		{ddbefe12-548b-e111-c58f-62feb9e40460}.Debug|Any CPU.ActiveCfg = Debug|Any CPU
		{ddbefe12-548b-e111-c58f-62feb9e40460}.Debug|Any CPU.Build.0 = Debug|Any CPU
		{527019eb-99c0-e7cd-9d8f-5d5cdafac28b}.Debug|Any CPU.ActiveCfg = Debug|Any CPU
		{527019eb-99c0-e7cd-9d8f-5d5cdafac28b}.Debug|Any CPU.Build.0 = Debug|Any CPU
		{f3d174f6-4ce0-5b8a-7042-72e8f0570fa4}.Debug|Any CPU.ActiveCfg = Debug|Any CPU
		{f3d174f6-4ce0-5b8a-7042-72e8f0570fa4}.Debug|Any CPU.Build.0 = Debug|Any CPU
		{34d5d98b-bb8a-b757-1eb2-5d1c9c14d064}.Debug|Any CPU.ActiveCfg = Debug|Any CPU
		{34d5d98b-bb8a-b757-1eb2-5d1c9c14d064}.Debug|Any CPU.Build.0 = Debug|Any CPU
		{699a72d3-a458-ef17-e08f-152e5456cbc3}.Debug|Any CPU.ActiveCfg = Debug|Any CPU
		{699a72d3-a458-ef17-e08f-152e5456cbc3}.Debug|Any CPU.Build.0 = Debug|Any CPU
		{dd4e8972-421a-862b-4351-d931c19ad4a8}.Debug|Any CPU.ActiveCfg = Debug|Any CPU
		{dd4e8972-421a-862b-4351-d931c19ad4a8}.Debug|Any CPU.Build.0 = Debug|Any CPU
		{86b2f2a9-13bc-459e-7c2a-eeee9b4e80b4}.Debug|Any CPU.ActiveCfg = Debug|Any CPU
		{86b2f2a9-13bc-459e-7c2a-eeee9b4e80b4}.Debug|Any CPU.Build.0 = Debug|Any CPU
		{43a873ee-9afa-3b90-e392-bce10328ca38}.Debug|Any CPU.ActiveCfg = Debug|Any CPU
		{43a873ee-9afa-3b90-e392-bce10328ca38}.Debug|Any CPU.Build.0 = Debug|Any CPU
		{fad94683-51df-3ee0-bcc6-9293986bde19}.Debug|Any CPU.ActiveCfg = Debug|Any CPU
		{fad94683-51df-3ee0-bcc6-9293986bde19}.Debug|Any CPU.Build.0 = Debug|Any CPU
		{002f5937-4d7b-2cde-e25e-02df2aec1104}.Debug|Any CPU.ActiveCfg = Debug|Any CPU
		{002f5937-4d7b-2cde-e25e-02df2aec1104}.Debug|Any CPU.Build.0 = Debug|Any CPU
		{34d933ed-75b1-ac6c-f927-224fe954e618}.Debug|Any CPU.ActiveCfg = Debug|Any CPU
		{34d933ed-75b1-ac6c-f927-224fe954e618}.Debug|Any CPU.Build.0 = Debug|Any CPU
		{4709c12f-5645-0bcc-3272-01b25ac2a7c2}.Debug|Any CPU.ActiveCfg = Debug|Any CPU
		{4709c12f-5645-0bcc-3272-01b25ac2a7c2}.Debug|Any CPU.Build.0 = Debug|Any CPU
		{f2039b7c-8a45-9ef0-c627-565acf84b39d}.Debug|Any CPU.ActiveCfg = Debug|Any CPU
		{f2039b7c-8a45-9ef0-c627-565acf84b39d}.Debug|Any CPU.Build.0 = Debug|Any CPU
		{3581bf70-17ef-c8bb-5100-396b9ba232d8}.Debug|Any CPU.ActiveCfg = Debug|Any CPU
		{3581bf70-17ef-c8bb-5100-396b9ba232d8}.Debug|Any CPU.Build.0 = Debug|Any CPU
	EndGlobalSection
	GlobalSection(SolutionProperties) = preSolution
		HideSolutionNode = FALSE
	EndGlobalSection
EndGlobal
